
Microsoft Visual Studio Solution File, Format Version 12.00
# Visual Studio Version 16
VisualStudioVersion = 16.0.33423.256
MinimumVisualStudioVersion = 10.0.40219.1
Project("{FAE04EC0-301F-11D3-BF4B-00C04F79EFBC}") = "shop", "shop\shop.csproj", "{A6831086-11B1-4E63-B02C-8C5D4894CE62}"
EndProject
Global
	GlobalSection(SolutionConfigurationPlatforms) = preSolution
		Debug|Any CPU = Debug|Any CPU
		Release|Any CPU = Release|Any CPU
	EndGlobalSection
	GlobalSection(ProjectConfigurationPlatforms) = postSolution
		{A6831086-11B1-4E63-B02C-8C5D4894CE62}.Debug|Any CPU.ActiveCfg = Debug|Any CPU
		{A6831086-11B1-4E63-B02C-8C5D4894CE62}.Debug|Any CPU.Build.0 = Debug|Any CPU
		{A6831086-11B1-4E63-B02C-8C5D4894CE62}.Release|Any CPU.ActiveCfg = Release|Any CPU
		{A6831086-11B1-4E63-B02C-8C5D4894CE62}.Release|Any CPU.Build.0 = Release|Any CPU
	EndGlobalSection
	GlobalSection(SolutionProperties) = preSolution
		HideSolutionNode = FALSE
	EndGlobalSection
	GlobalSection(ExtensibilityGlobals) = postSolution
		SolutionGuid = {EF51BB15-F75F-4836-B149-E5184F1EA20A}
	EndGlobalSection
EndGlobal
